
Microsoft Visual Studio Solution File, Format Version 12.00
Project("{2150E333-8FDC-42A3-9474-1A3956D46DE8}") = "Lab5", "Lab5", "{C35A0173-E383-463E-B209-9DE472CBABA8}"
EndProject
Project("{2150E333-8FDC-42A3-9474-1A3956D46DE8}") = "Infrastructure", "Infrastructure", "{B5834A22-3566-48F1-AC5D-8869E09C00D3}"
EndProject
Project("{2150E333-8FDC-42A3-9474-1A3956D46DE8}") = "Presentation", "Presentation", "{D2B732C7-C7D2-485C-82D0-226652A8ADDE}"
EndProject
Project("{2150E333-8FDC-42A3-9474-1A3956D46DE8}") = "Application", "Application", "{51D3B4C2-FBE6-4EF5-A908-E5C54CAB5182}"
EndProject
Project("{FAE04EC0-301F-11D3-BF4B-00C04F79EFBC}") = "Abstractions", "Abstractions\Abstractions.csproj", "{A507B289-6A3C-4C49-94E8-C44F2C494ADA}"
EndProject
Project("{FAE04EC0-301F-11D3-BF4B-00C04F79EFBC}") = "Models", "Models\Models.csproj", "{84085309-9A7B-4925-B774-214FBFE485A9}"
EndProject
Project("{FAE04EC0-301F-11D3-BF4B-00C04F79EFBC}") = "Application", "Application\Application.csproj", "{826A84C2-D7A2-41A3-8732-83C952A4E80D}"
EndProject
Project("{FAE04EC0-301F-11D3-BF4B-00C04F79EFBC}") = "Contracts", "Contracts\Contracts.csproj", "{A1B7BE3A-05B0-40AC-AFAC-1DCB8AC9FDA7}"
EndProject
Project("{FAE04EC0-301F-11D3-BF4B-00C04F79EFBC}") = "DataAccess", "DataAccess\DataAccess.csproj", "{749592CF-5F54-4BA5-9E13-605B5DFD2BD6}"
EndProject
Project("{FAE04EC0-301F-11D3-BF4B-00C04F79EFBC}") = "Console", "Console\Console.csproj", "{602AC157-D6CB-4FE2-8523-CB470AC66646}"
EndProject
Project("{FAE04EC0-301F-11D3-BF4B-00C04F79EFBC}") = "Lab5", "Lab5\Lab5.csproj", "{E80896D4-97B2-4389-947B-E9BA859FE6A1}"
EndProject
Global
	GlobalSection(SolutionConfigurationPlatforms) = preSolution
		Debug|Any CPU = Debug|Any CPU
		Release|Any CPU = Release|Any CPU
	EndGlobalSection
	GlobalSection(ProjectConfigurationPlatforms) = postSolution
		{A507B289-6A3C-4C49-94E8-C44F2C494ADA}.Debug|Any CPU.ActiveCfg = Debug|Any CPU
		{A507B289-6A3C-4C49-94E8-C44F2C494ADA}.Debug|Any CPU.Build.0 = Debug|Any CPU
		{A507B289-6A3C-4C49-94E8-C44F2C494ADA}.Release|Any CPU.ActiveCfg = Release|Any CPU
		{A507B289-6A3C-4C49-94E8-C44F2C494ADA}.Release|Any CPU.Build.0 = Release|Any CPU
		{84085309-9A7B-4925-B774-214FBFE485A9}.Debug|Any CPU.ActiveCfg = Debug|Any CPU
		{84085309-9A7B-4925-B774-214FBFE485A9}.Debug|Any CPU.Build.0 = Debug|Any CPU
		{84085309-9A7B-4925-B774-214FBFE485A9}.Release|Any CPU.ActiveCfg = Release|Any CPU
		{84085309-9A7B-4925-B774-214FBFE485A9}.Release|Any CPU.Build.0 = Release|Any CPU
		{826A84C2-D7A2-41A3-8732-83C952A4E80D}.Debug|Any CPU.ActiveCfg = Debug|Any CPU
		{826A84C2-D7A2-41A3-8732-83C952A4E80D}.Debug|Any CPU.Build.0 = Debug|Any CPU
		{826A84C2-D7A2-41A3-8732-83C952A4E80D}.Release|Any CPU.ActiveCfg = Release|Any CPU
		{826A84C2-D7A2-41A3-8732-83C952A4E80D}.Release|Any CPU.Build.0 = Release|Any CPU
		{A1B7BE3A-05B0-40AC-AFAC-1DCB8AC9FDA7}.Debug|Any CPU.ActiveCfg = Debug|Any CPU
		{A1B7BE3A-05B0-40AC-AFAC-1DCB8AC9FDA7}.Debug|Any CPU.Build.0 = Debug|Any CPU
		{A1B7BE3A-05B0-40AC-AFAC-1DCB8AC9FDA7}.Release|Any CPU.ActiveCfg = Release|Any CPU
		{A1B7BE3A-05B0-40AC-AFAC-1DCB8AC9FDA7}.Release|Any CPU.Build.0 = Release|Any CPU
		{749592CF-5F54-4BA5-9E13-605B5DFD2BD6}.Debug|Any CPU.ActiveCfg = Debug|Any CPU
		{749592CF-5F54-4BA5-9E13-605B5DFD2BD6}.Debug|Any CPU.Build.0 = Debug|Any CPU
		{749592CF-5F54-4BA5-9E13-605B5DFD2BD6}.Release|Any CPU.ActiveCfg = Release|Any CPU
		{749592CF-5F54-4BA5-9E13-605B5DFD2BD6}.Release|Any CPU.Build.0 = Release|Any CPU
		{602AC157-D6CB-4FE2-8523-CB470AC66646}.Debug|Any CPU.ActiveCfg = Debug|Any CPU
		{602AC157-D6CB-4FE2-8523-CB470AC66646}.Debug|Any CPU.Build.0 = Debug|Any CPU
		{602AC157-D6CB-4FE2-8523-CB470AC66646}.Release|Any CPU.ActiveCfg = Release|Any CPU
		{602AC157-D6CB-4FE2-8523-CB470AC66646}.Release|Any CPU.Build.0 = Release|Any CPU
		{E80896D4-97B2-4389-947B-E9BA859FE6A1}.Debug|Any CPU.ActiveCfg = Debug|Any CPU
		{E80896D4-97B2-4389-947B-E9BA859FE6A1}.Debug|Any CPU.Build.0 = Debug|Any CPU
		{E80896D4-97B2-4389-947B-E9BA859FE6A1}.Release|Any CPU.ActiveCfg = Release|Any CPU
		{E80896D4-97B2-4389-947B-E9BA859FE6A1}.Release|Any CPU.Build.0 = Release|Any CPU
	EndGlobalSection
	GlobalSection(NestedProjects) = preSolution
		{A507B289-6A3C-4C49-94E8-C44F2C494ADA} = {51D3B4C2-FBE6-4EF5-A908-E5C54CAB5182}
		{84085309-9A7B-4925-B774-214FBFE485A9} = {51D3B4C2-FBE6-4EF5-A908-E5C54CAB5182}
		{826A84C2-D7A2-41A3-8732-83C952A4E80D} = {51D3B4C2-FBE6-4EF5-A908-E5C54CAB5182}
		{A1B7BE3A-05B0-40AC-AFAC-1DCB8AC9FDA7} = {51D3B4C2-FBE6-4EF5-A908-E5C54CAB5182}
		{749592CF-5F54-4BA5-9E13-605B5DFD2BD6} = {B5834A22-3566-48F1-AC5D-8869E09C00D3}
		{602AC157-D6CB-4FE2-8523-CB470AC66646} = {D2B732C7-C7D2-485C-82D0-226652A8ADDE}
		{E80896D4-97B2-4389-947B-E9BA859FE6A1} = {C35A0173-E383-463E-B209-9DE472CBABA8}
	EndGlobalSection
EndGlobal
